
Microsoft Visual Studio Solution File, Format Version 12.00
# Visual Studio Version 17
VisualStudioVersion = 17.0.32112.339
MinimumVisualStudioVersion = 10.0.40219.1
Project("{2150E333-8FDC-42A3-9474-1A3956D46DE8}") = "src", "src", "{DFB8F78E-3D1C-46E8-9E14-CB2420D0A852}"
EndProject
Project("{2150E333-8FDC-42A3-9474-1A3956D46DE8}") = "Apis", "Apis", "{5395F717-D1AF-4DCC-994C-AF5F9ED8954B}"
EndProject
Project("{9A19103F-16F7-4668-BE54-9A1E7A4F7556}") = "DVG.AP.Cms.CarInfo.Api", "src\Apis\DVG.AP.Cms.CarInfo.Api\DVG.AP.Cms.CarInfo.Api.csproj", "{78B4DF61-792C-4A78-9CF2-B494B76A6B51}"
EndProject
Project("{2150E333-8FDC-42A3-9474-1A3956D46DE8}") = "Core", "Core", "{CD858708-6D27-4455-86FE-C0396C132CDB}"
EndProject
Project("{9A19103F-16F7-4668-BE54-9A1E7A4F7556}") = "DVG.AP.Cms.CarInfo.Application", "src\Core\DVG.AP.Cms.CarInfo.Application\DVG.AP.Cms.CarInfo.Application.csproj", "{1399BFEA-D14E-4455-A0A0-6A1C2D44EC6B}"
EndProject
Project("{9A19103F-16F7-4668-BE54-9A1E7A4F7556}") = "DVG.AP.Cms.CarInfo.Domain", "src\Core\DVG.AP.Cms.CarInfo.Domain\DVG.AP.Cms.CarInfo.Domain.csproj", "{EB422EA0-2964-421F-88F1-2086D898AA5F}"
EndProject
Project("{2150E333-8FDC-42A3-9474-1A3956D46DE8}") = "Infrastructure", "Infrastructure", "{F5E4F97B-D812-4186-AE1F-562963229E14}"
EndProject
Project("{9A19103F-16F7-4668-BE54-9A1E7A4F7556}") = "DVG.AP.Cms.CarInfo.Persistence", "src\Infrastructure\DVG.AP.Cms.CarInfo.Persistence\DVG.AP.Cms.CarInfo.Persistence.csproj", "{34F66917-58E1-4581-A2D2-BDF2268A6A32}"
EndProject
Project("{9A19103F-16F7-4668-BE54-9A1E7A4F7556}") = "DVG.AP.Cms.CarInfo.Infrastructure", "src\Infrastructure\DVG.AP.Cms.CarInfo.Infrastructure\DVG.AP.Cms.CarInfo.Infrastructure.csproj", "{BC170172-9F75-4E5F-B2FB-2DE92162C038}"
EndProject
Project("{2150E333-8FDC-42A3-9474-1A3956D46DE8}") = "Tests", "Tests", "{3F817BFA-9700-48DD-BC5C-C3848CD93247}"
EndProject
Project("{9A19103F-16F7-4668-BE54-9A1E7A4F7556}") = "DVG.AP.CMS.CarInfo.API.IntergrationTests", "DVG.AP.CMS.CarInfo.API.IntergrationTests\DVG.AP.CMS.CarInfo.API.IntergrationTests.csproj", "{7567B77E-00E0-4B1E-8D71-AC246F00BBAE}"
EndProject
Project("{9A19103F-16F7-4668-BE54-9A1E7A4F7556}") = "DVG.AP.CMS.CarInfo.Persistence.IntergrationTests", "DVG.AP.CMS.CarInfo.Persistence.IntergrationTests\DVG.AP.CMS.CarInfo.Persistence.IntergrationTests.csproj", "{99B1D00D-F72F-4387-9B15-CE9A94261070}"
EndProject
Project("{9A19103F-16F7-4668-BE54-9A1E7A4F7556}") = "DVG.AP.CMS.CarInfo.Application.UnitTests", "DVG.AP.CMS.CarInfo.Application.UnitTests\DVG.AP.CMS.CarInfo.Application.UnitTests.csproj", "{BBB4C2DA-0A03-444D-9EF6-EAE36B2C322B}"
EndProject
Project("{9A19103F-16F7-4668-BE54-9A1E7A4F7556}") = "DVG.AP.CMS.CarInfo.TestBase", "DVG.AP.CMS.CarInfo.TestBase\DVG.AP.CMS.CarInfo.TestBase.csproj", "{5A273DA5-9B7B-4BFE-B65D-B0CBF87EDA61}"
EndProject
Project("{FAE04EC0-301F-11D3-BF4B-00C04F79EFBC}") = "DVG.AP.Cms.CarInfo.GrpcPersistence", "DVG.AP.Cms.CarInfo.GrpcPersistence\DVG.AP.Cms.CarInfo.GrpcPersistence.csproj", "{78CDE304-6DDB-417A-AEC4-4DE296F68901}"
EndProject
Global
	GlobalSection(SolutionConfigurationPlatforms) = preSolution
		Debug|Any CPU = Debug|Any CPU
		Release|Any CPU = Release|Any CPU
	EndGlobalSection
	GlobalSection(ProjectConfigurationPlatforms) = postSolution
		{78B4DF61-792C-4A78-9CF2-B494B76A6B51}.Debug|Any CPU.ActiveCfg = Debug|Any CPU
		{78B4DF61-792C-4A78-9CF2-B494B76A6B51}.Debug|Any CPU.Build.0 = Debug|Any CPU
		{78B4DF61-792C-4A78-9CF2-B494B76A6B51}.Release|Any CPU.ActiveCfg = Release|Any CPU
		{78B4DF61-792C-4A78-9CF2-B494B76A6B51}.Release|Any CPU.Build.0 = Release|Any CPU
		{1399BFEA-D14E-4455-A0A0-6A1C2D44EC6B}.Debug|Any CPU.ActiveCfg = Debug|Any CPU
		{1399BFEA-D14E-4455-A0A0-6A1C2D44EC6B}.Debug|Any CPU.Build.0 = Debug|Any CPU
		{1399BFEA-D14E-4455-A0A0-6A1C2D44EC6B}.Release|Any CPU.ActiveCfg = Release|Any CPU
		{1399BFEA-D14E-4455-A0A0-6A1C2D44EC6B}.Release|Any CPU.Build.0 = Release|Any CPU
		{EB422EA0-2964-421F-88F1-2086D898AA5F}.Debug|Any CPU.ActiveCfg = Debug|Any CPU
		{EB422EA0-2964-421F-88F1-2086D898AA5F}.Debug|Any CPU.Build.0 = Debug|Any CPU
		{EB422EA0-2964-421F-88F1-2086D898AA5F}.Release|Any CPU.ActiveCfg = Release|Any CPU
		{EB422EA0-2964-421F-88F1-2086D898AA5F}.Release|Any CPU.Build.0 = Release|Any CPU
		{34F66917-58E1-4581-A2D2-BDF2268A6A32}.Debug|Any CPU.ActiveCfg = Debug|Any CPU
		{34F66917-58E1-4581-A2D2-BDF2268A6A32}.Debug|Any CPU.Build.0 = Debug|Any CPU
		{34F66917-58E1-4581-A2D2-BDF2268A6A32}.Release|Any CPU.ActiveCfg = Release|Any CPU
		{34F66917-58E1-4581-A2D2-BDF2268A6A32}.Release|Any CPU.Build.0 = Release|Any CPU
		{BC170172-9F75-4E5F-B2FB-2DE92162C038}.Debug|Any CPU.ActiveCfg = Debug|Any CPU
		{BC170172-9F75-4E5F-B2FB-2DE92162C038}.Debug|Any CPU.Build.0 = Debug|Any CPU
		{BC170172-9F75-4E5F-B2FB-2DE92162C038}.Release|Any CPU.ActiveCfg = Release|Any CPU
		{BC170172-9F75-4E5F-B2FB-2DE92162C038}.Release|Any CPU.Build.0 = Release|Any CPU
		{7567B77E-00E0-4B1E-8D71-AC246F00BBAE}.Debug|Any CPU.ActiveCfg = Debug|Any CPU
		{7567B77E-00E0-4B1E-8D71-AC246F00BBAE}.Debug|Any CPU.Build.0 = Debug|Any CPU
		{7567B77E-00E0-4B1E-8D71-AC246F00BBAE}.Release|Any CPU.ActiveCfg = Release|Any CPU
		{7567B77E-00E0-4B1E-8D71-AC246F00BBAE}.Release|Any CPU.Build.0 = Release|Any CPU
		{99B1D00D-F72F-4387-9B15-CE9A94261070}.Debug|Any CPU.ActiveCfg = Debug|Any CPU
		{99B1D00D-F72F-4387-9B15-CE9A94261070}.Debug|Any CPU.Build.0 = Debug|Any CPU
		{99B1D00D-F72F-4387-9B15-CE9A94261070}.Release|Any CPU.ActiveCfg = Release|Any CPU
		{99B1D00D-F72F-4387-9B15-CE9A94261070}.Release|Any CPU.Build.0 = Release|Any CPU
		{BBB4C2DA-0A03-444D-9EF6-EAE36B2C322B}.Debug|Any CPU.ActiveCfg = Debug|Any CPU
		{BBB4C2DA-0A03-444D-9EF6-EAE36B2C322B}.Debug|Any CPU.Build.0 = Debug|Any CPU
		{BBB4C2DA-0A03-444D-9EF6-EAE36B2C322B}.Release|Any CPU.ActiveCfg = Release|Any CPU
		{BBB4C2DA-0A03-444D-9EF6-EAE36B2C322B}.Release|Any CPU.Build.0 = Release|Any CPU
		{5A273DA5-9B7B-4BFE-B65D-B0CBF87EDA61}.Debug|Any CPU.ActiveCfg = Debug|Any CPU
		{5A273DA5-9B7B-4BFE-B65D-B0CBF87EDA61}.Debug|Any CPU.Build.0 = Debug|Any CPU
		{5A273DA5-9B7B-4BFE-B65D-B0CBF87EDA61}.Release|Any CPU.ActiveCfg = Release|Any CPU
		{5A273DA5-9B7B-4BFE-B65D-B0CBF87EDA61}.Release|Any CPU.Build.0 = Release|Any CPU
		{78CDE304-6DDB-417A-AEC4-4DE296F68901}.Debug|Any CPU.ActiveCfg = Debug|Any CPU
		{78CDE304-6DDB-417A-AEC4-4DE296F68901}.Debug|Any CPU.Build.0 = Debug|Any CPU
		{78CDE304-6DDB-417A-AEC4-4DE296F68901}.Release|Any CPU.ActiveCfg = Release|Any CPU
		{78CDE304-6DDB-417A-AEC4-4DE296F68901}.Release|Any CPU.Build.0 = Release|Any CPU
	EndGlobalSection
	GlobalSection(SolutionProperties) = preSolution
		HideSolutionNode = FALSE
	EndGlobalSection
	GlobalSection(NestedProjects) = preSolution
		{5395F717-D1AF-4DCC-994C-AF5F9ED8954B} = {DFB8F78E-3D1C-46E8-9E14-CB2420D0A852}
		{78B4DF61-792C-4A78-9CF2-B494B76A6B51} = {5395F717-D1AF-4DCC-994C-AF5F9ED8954B}
		{CD858708-6D27-4455-86FE-C0396C132CDB} = {DFB8F78E-3D1C-46E8-9E14-CB2420D0A852}
		{1399BFEA-D14E-4455-A0A0-6A1C2D44EC6B} = {CD858708-6D27-4455-86FE-C0396C132CDB}
		{EB422EA0-2964-421F-88F1-2086D898AA5F} = {CD858708-6D27-4455-86FE-C0396C132CDB}
		{F5E4F97B-D812-4186-AE1F-562963229E14} = {DFB8F78E-3D1C-46E8-9E14-CB2420D0A852}
		{34F66917-58E1-4581-A2D2-BDF2268A6A32} = {F5E4F97B-D812-4186-AE1F-562963229E14}
		{BC170172-9F75-4E5F-B2FB-2DE92162C038} = {F5E4F97B-D812-4186-AE1F-562963229E14}
		{3F817BFA-9700-48DD-BC5C-C3848CD93247} = {DFB8F78E-3D1C-46E8-9E14-CB2420D0A852}
		{7567B77E-00E0-4B1E-8D71-AC246F00BBAE} = {3F817BFA-9700-48DD-BC5C-C3848CD93247}
		{99B1D00D-F72F-4387-9B15-CE9A94261070} = {3F817BFA-9700-48DD-BC5C-C3848CD93247}
		{BBB4C2DA-0A03-444D-9EF6-EAE36B2C322B} = {3F817BFA-9700-48DD-BC5C-C3848CD93247}
		{5A273DA5-9B7B-4BFE-B65D-B0CBF87EDA61} = {3F817BFA-9700-48DD-BC5C-C3848CD93247}
		{78CDE304-6DDB-417A-AEC4-4DE296F68901} = {F5E4F97B-D812-4186-AE1F-562963229E14}
	EndGlobalSection
	GlobalSection(ExtensibilityGlobals) = postSolution
		SolutionGuid = {FBCCA2B9-D068-48D2-AA66-541C7CB61E54}
	EndGlobalSection
EndGlobal
